
Microsoft Visual Studio Solution File, Format Version 12.00
# Visual Studio 15
VisualStudioVersion = 15.0.26124.0
MinimumVisualStudioVersion = 15.0.26124.0
Project("{2150E333-8FDC-42A3-9474-1A3956D46DE8}") = "src", "src", "{6D91A991-65D8-4E52-8AD8-FF6BCFA89E04}"
EndProject
Project("{FAE04EC0-301F-11D3-BF4B-00C04F79EFBC}") = "MrMime.Api", "src\Api\MrMime.Api.csproj", "{A87D7248-2ACB-4F05-91B0-CE82EAFA7BA0}"
EndProject
Project("{2150E333-8FDC-42A3-9474-1A3956D46DE8}") = "tests", "tests", "{4B00B8EC-6FD6-4486-B19F-14D56ACAC99A}"
EndProject
Project("{FAE04EC0-301F-11D3-BF4B-00C04F79EFBC}") = "MrMime.Core.Tests", "tests\Core\MrMime.Core.Tests.csproj", "{2A39F553-3C3D-494D-B76A-6D5E2D7B7067}"
EndProject
Project("{FAE04EC0-301F-11D3-BF4B-00C04F79EFBC}") = "MrMime.Core", "src\Core\MrMime.Core.csproj", "{5FB23CE5-3244-471E-98DC-91FD60AA316D}"
EndProject
Project("{FAE04EC0-301F-11D3-BF4B-00C04F79EFBC}") = "MrMime.Api.Tests", "tests\Api\MrMime.Api.Tests.csproj", "{75ADB163-59E2-4FD7-BD3A-8197038DC93E}"
EndProject
Global
	GlobalSection(SolutionConfigurationPlatforms) = preSolution
		Debug|Any CPU = Debug|Any CPU
		Debug|x64 = Debug|x64
		Debug|x86 = Debug|x86
		Release|Any CPU = Release|Any CPU
		Release|x64 = Release|x64
		Release|x86 = Release|x86
	EndGlobalSection
	GlobalSection(SolutionProperties) = preSolution
		HideSolutionNode = FALSE
	EndGlobalSection
	GlobalSection(ProjectConfigurationPlatforms) = postSolution
		{A87D7248-2ACB-4F05-91B0-CE82EAFA7BA0}.Debug|Any CPU.ActiveCfg = Debug|Any CPU
		{A87D7248-2ACB-4F05-91B0-CE82EAFA7BA0}.Debug|Any CPU.Build.0 = Debug|Any CPU
		{A87D7248-2ACB-4F05-91B0-CE82EAFA7BA0}.Debug|x64.ActiveCfg = Debug|Any CPU
		{A87D7248-2ACB-4F05-91B0-CE82EAFA7BA0}.Debug|x64.Build.0 = Debug|Any CPU
		{A87D7248-2ACB-4F05-91B0-CE82EAFA7BA0}.Debug|x86.ActiveCfg = Debug|Any CPU
		{A87D7248-2ACB-4F05-91B0-CE82EAFA7BA0}.Debug|x86.Build.0 = Debug|Any CPU
		{A87D7248-2ACB-4F05-91B0-CE82EAFA7BA0}.Release|Any CPU.ActiveCfg = Release|Any CPU
		{A87D7248-2ACB-4F05-91B0-CE82EAFA7BA0}.Release|Any CPU.Build.0 = Release|Any CPU
		{A87D7248-2ACB-4F05-91B0-CE82EAFA7BA0}.Release|x64.ActiveCfg = Release|Any CPU
		{A87D7248-2ACB-4F05-91B0-CE82EAFA7BA0}.Release|x64.Build.0 = Release|Any CPU
		{A87D7248-2ACB-4F05-91B0-CE82EAFA7BA0}.Release|x86.ActiveCfg = Release|Any CPU
		{A87D7248-2ACB-4F05-91B0-CE82EAFA7BA0}.Release|x86.Build.0 = Release|Any CPU
		{2A39F553-3C3D-494D-B76A-6D5E2D7B7067}.Debug|Any CPU.ActiveCfg = Debug|Any CPU
		{2A39F553-3C3D-494D-B76A-6D5E2D7B7067}.Debug|Any CPU.Build.0 = Debug|Any CPU
		{2A39F553-3C3D-494D-B76A-6D5E2D7B7067}.Debug|x64.ActiveCfg = Debug|Any CPU
		{2A39F553-3C3D-494D-B76A-6D5E2D7B7067}.Debug|x64.Build.0 = Debug|Any CPU
		{2A39F553-3C3D-494D-B76A-6D5E2D7B7067}.Debug|x86.ActiveCfg = Debug|Any CPU
		{2A39F553-3C3D-494D-B76A-6D5E2D7B7067}.Debug|x86.Build.0 = Debug|Any CPU
		{2A39F553-3C3D-494D-B76A-6D5E2D7B7067}.Release|Any CPU.ActiveCfg = Release|Any CPU
		{2A39F553-3C3D-494D-B76A-6D5E2D7B7067}.Release|Any CPU.Build.0 = Release|Any CPU
		{2A39F553-3C3D-494D-B76A-6D5E2D7B7067}.Release|x64.ActiveCfg = Release|Any CPU
		{2A39F553-3C3D-494D-B76A-6D5E2D7B7067}.Release|x64.Build.0 = Release|Any CPU
		{2A39F553-3C3D-494D-B76A-6D5E2D7B7067}.Release|x86.ActiveCfg = Release|Any CPU
		{2A39F553-3C3D-494D-B76A-6D5E2D7B7067}.Release|x86.Build.0 = Release|Any CPU
		{5FB23CE5-3244-471E-98DC-91FD60AA316D}.Debug|Any CPU.ActiveCfg = Debug|Any CPU
		{5FB23CE5-3244-471E-98DC-91FD60AA316D}.Debug|Any CPU.Build.0 = Debug|Any CPU
		{5FB23CE5-3244-471E-98DC-91FD60AA316D}.Debug|x64.ActiveCfg = Debug|Any CPU
		{5FB23CE5-3244-471E-98DC-91FD60AA316D}.Debug|x64.Build.0 = Debug|Any CPU
		{5FB23CE5-3244-471E-98DC-91FD60AA316D}.Debug|x86.ActiveCfg = Debug|Any CPU
		{5FB23CE5-3244-471E-98DC-91FD60AA316D}.Debug|x86.Build.0 = Debug|Any CPU
		{5FB23CE5-3244-471E-98DC-91FD60AA316D}.Release|Any CPU.ActiveCfg = Release|Any CPU
		{5FB23CE5-3244-471E-98DC-91FD60AA316D}.Release|Any CPU.Build.0 = Release|Any CPU
		{5FB23CE5-3244-471E-98DC-91FD60AA316D}.Release|x64.ActiveCfg = Release|Any CPU
		{5FB23CE5-3244-471E-98DC-91FD60AA316D}.Release|x64.Build.0 = Release|Any CPU
		{5FB23CE5-3244-471E-98DC-91FD60AA316D}.Release|x86.ActiveCfg = Release|Any CPU
		{5FB23CE5-3244-471E-98DC-91FD60AA316D}.Release|x86.Build.0 = Release|Any CPU
		{75ADB163-59E2-4FD7-BD3A-8197038DC93E}.Debug|Any CPU.ActiveCfg = Debug|Any CPU
		{75ADB163-59E2-4FD7-BD3A-8197038DC93E}.Debug|Any CPU.Build.0 = Debug|Any CPU
		{75ADB163-59E2-4FD7-BD3A-8197038DC93E}.Debug|x64.ActiveCfg = Debug|Any CPU
		{75ADB163-59E2-4FD7-BD3A-8197038DC93E}.Debug|x64.Build.0 = Debug|Any CPU
		{75ADB163-59E2-4FD7-BD3A-8197038DC93E}.Debug|x86.ActiveCfg = Debug|Any CPU
		{75ADB163-59E2-4FD7-BD3A-8197038DC93E}.Debug|x86.Build.0 = Debug|Any CPU
		{75ADB163-59E2-4FD7-BD3A-8197038DC93E}.Release|Any CPU.ActiveCfg = Release|Any CPU
		{75ADB163-59E2-4FD7-BD3A-8197038DC93E}.Release|Any CPU.Build.0 = Release|Any CPU
		{75ADB163-59E2-4FD7-BD3A-8197038DC93E}.Release|x64.ActiveCfg = Release|Any CPU
		{75ADB163-59E2-4FD7-BD3A-8197038DC93E}.Release|x64.Build.0 = Release|Any CPU
		{75ADB163-59E2-4FD7-BD3A-8197038DC93E}.Release|x86.ActiveCfg = Release|Any CPU
		{75ADB163-59E2-4FD7-BD3A-8197038DC93E}.Release|x86.Build.0 = Release|Any CPU
	EndGlobalSection
	GlobalSection(NestedProjects) = preSolution
		{A87D7248-2ACB-4F05-91B0-CE82EAFA7BA0} = {6D91A991-65D8-4E52-8AD8-FF6BCFA89E04}
		{2A39F553-3C3D-494D-B76A-6D5E2D7B7067} = {4B00B8EC-6FD6-4486-B19F-14D56ACAC99A}
		{5FB23CE5-3244-471E-98DC-91FD60AA316D} = {6D91A991-65D8-4E52-8AD8-FF6BCFA89E04}
		{75ADB163-59E2-4FD7-BD3A-8197038DC93E} = {4B00B8EC-6FD6-4486-B19F-14D56ACAC99A}
	EndGlobalSection
EndGlobal
